
Microsoft Visual Studio Solution File, Format Version 12.00
# Visual Studio Version 16
VisualStudioVersion = 16.0.30204.135
MinimumVisualStudioVersion = 10.0.40219.1
Project("{FAE04EC0-301F-11D3-BF4B-00C04F79EFBC}") = "ConsoleApp1", "ConsoleApp1\ConsoleApp1.csproj", "{DF55A9DE-6576-4920-9A35-4A08312D0A55}"
EndProject
Global
	GlobalSection(SolutionConfigurationPlatforms) = preSolution
		Debug|Any CPU = Debug|Any CPU
		Release|Any CPU = Release|Any CPU
	EndGlobalSection
	GlobalSection(ProjectConfigurationPlatforms) = postSolution
		{DF55A9DE-6576-4920-9A35-4A08312D0A55}.Debug|Any CPU.ActiveCfg = Debug|Any CPU
		{DF55A9DE-6576-4920-9A35-4A08312D0A55}.Debug|Any CPU.Build.0 = Debug|Any CPU
		{DF55A9DE-6576-4920-9A35-4A08312D0A55}.Release|Any CPU.ActiveCfg = Release|Any CPU
		{DF55A9DE-6576-4920-9A35-4A08312D0A55}.Release|Any CPU.Build.0 = Release|Any CPU
	EndGlobalSection
	GlobalSection(SolutionProperties) = preSolution
		HideSolutionNode = FALSE
	EndGlobalSection
	GlobalSection(ExtensibilityGlobals) = postSolution
		SolutionGuid = {FDCC12C5-277E-47F4-BA61-73D53AA0D162}
	EndGlobalSection
EndGlobal
